// !$*UTF8*$!
{
	archiveVersion = 1;
	classes = {
	};
	objectVersion = 50;
	objects = {

/* Begin PBXBuildFile section */
		4552504EFF74C498A75656C4 /* Pods_FBLA_TriviaTests.framework in Frameworks */ = {isa = PBXBuildFile; fileRef = 5ECFD187EAE53C64B0BDE36B /* Pods_FBLA_TriviaTests.framework */; };
		615FAF62CB1E4614B243A622 /* Pods_FBLA_TriviaUITests.framework in Frameworks */ = {isa = PBXBuildFile; fileRef = C03F55C9BEB74FE1020363BE /* Pods_FBLA_TriviaUITests.framework */; };
		E5119A0121EE4F1E00D46F36 /* AppDelegate.swift in Sources */ = {isa = PBXBuildFile; fileRef = E5119A0021EE4F1E00D46F36 /* AppDelegate.swift */; };
		E5119A0621EE4F1E00D46F36 /* Main.storyboard in Resources */ = {isa = PBXBuildFile; fileRef = E5119A0421EE4F1E00D46F36 /* Main.storyboard */; };
		E5119A0821EE4F2100D46F36 /* Assets.xcassets in Resources */ = {isa = PBXBuildFile; fileRef = E5119A0721EE4F2100D46F36 /* Assets.xcassets */; };
		E5119A0B21EE4F2100D46F36 /* LaunchScreen.storyboard in Resources */ = {isa = PBXBuildFile; fileRef = E5119A0921EE4F2100D46F36 /* LaunchScreen.storyboard */; };
		E5119A1621EE4F2100D46F36 /* FBLA_TriviaTests.swift in Sources */ = {isa = PBXBuildFile; fileRef = E5119A1521EE4F2100D46F36 /* FBLA_TriviaTests.swift */; };
		E5119A2121EE4F2100D46F36 /* FBLA_TriviaUITests.swift in Sources */ = {isa = PBXBuildFile; fileRef = E5119A2021EE4F2100D46F36 /* FBLA_TriviaUITests.swift */; };
		E5119A2F21EE501000D46F36 /* MainVC.swift in Sources */ = {isa = PBXBuildFile; fileRef = E5119A2E21EE501000D46F36 /* MainVC.swift */; };
		E5119A3321EE6F8800D46F36 /* PlayfairDisplay-Black.ttf in Resources */ = {isa = PBXBuildFile; fileRef = E5119A3221EE6F8800D46F36 /* PlayfairDisplay-Black.ttf */; };
		E5119A3521EE751400D46F36 /* OptionsVC.swift in Sources */ = {isa = PBXBuildFile; fileRef = E5119A3421EE751400D46F36 /* OptionsVC.swift */; };
		E5119A3721EE752D00D46F36 /* AdminVC.swift in Sources */ = {isa = PBXBuildFile; fileRef = E5119A3621EE752D00D46F36 /* AdminVC.swift */; };
		E5119A3921EE754E00D46F36 /* PlayerVC.swift in Sources */ = {isa = PBXBuildFile; fileRef = E5119A3821EE754E00D46F36 /* PlayerVC.swift */; };
		E5119A3B21EE758900D46F36 /* CategouriesVC.swift in Sources */ = {isa = PBXBuildFile; fileRef = E5119A3A21EE758900D46F36 /* CategouriesVC.swift */; };
		E5119A3E21EE75D100D46F36 /* OneVC.swift in Sources */ = {isa = PBXBuildFile; fileRef = E5119A3D21EE75D100D46F36 /* OneVC.swift */; };
		E5119A4021EE75E100D46F36 /* TwoVC.swift in Sources */ = {isa = PBXBuildFile; fileRef = E5119A3F21EE75E100D46F36 /* TwoVC.swift */; };
		E5119A4221EE75F100D46F36 /* ThreeVC.swift in Sources */ = {isa = PBXBuildFile; fileRef = E5119A4121EE75F100D46F36 /* ThreeVC.swift */; };
		E5119A4421EE760300D46F36 /* FourVC.swift in Sources */ = {isa = PBXBuildFile; fileRef = E5119A4321EE760300D46F36 /* FourVC.swift */; };
		E5119A4621EE761A00D46F36 /* FiveVC.swift in Sources */ = {isa = PBXBuildFile; fileRef = E5119A4521EE761A00D46F36 /* FiveVC.swift */; };
		E5119A4821EE762900D46F36 /* SixVC.swift in Sources */ = {isa = PBXBuildFile; fileRef = E5119A4721EE762900D46F36 /* SixVC.swift */; };
		E5119A4B21EE775C00D46F36 /* GoogleService-Info.plist in Resources */ = {isa = PBXBuildFile; fileRef = E5119A4A21EE775C00D46F36 /* GoogleService-Info.plist */; };
		E5119A4E21EE7D0600D46F36 /* FirestoreData.swift in Sources */ = {isa = PBXBuildFile; fileRef = E5119A4D21EE7D0600D46F36 /* FirestoreData.swift */; };
		E5119A5021EE7D1900D46F36 /* GameSession.swift in Sources */ = {isa = PBXBuildFile; fileRef = E5119A4F21EE7D1900D46F36 /* GameSession.swift */; };
		E5119A5221EE7D2C00D46F36 /* Alerts.swift in Sources */ = {isa = PBXBuildFile; fileRef = E5119A5121EE7D2C00D46F36 /* Alerts.swift */; };
		E5119A5421EE7E8F00D46F36 /* PlayerCell.swift in Sources */ = {isa = PBXBuildFile; fileRef = E5119A5321EE7E8F00D46F36 /* PlayerCell.swift */; };
		E5119A5621EF905800D46F36 /* Session.swift in Sources */ = {isa = PBXBuildFile; fileRef = E5119A5521EF905700D46F36 /* Session.swift */; };
		E873F4654812290D01CD1E3E /* Pods_FBLA_Trivia.framework in Frameworks */ = {isa = PBXBuildFile; fileRef = 0B4F7685D55D3B0CF5398285 /* Pods_FBLA_Trivia.framework */; };
/* End PBXBuildFile section */

/* Begin PBXContainerItemProxy section */
		E5119A1221EE4F2100D46F36 /* PBXContainerItemProxy */ = {
			isa = PBXContainerItemProxy;
			containerPortal = E51199F521EE4F1E00D46F36 /* Project object */;
			proxyType = 1;
			remoteGlobalIDString = E51199FC21EE4F1E00D46F36;
			remoteInfo = "FBLA Trivia";
		};
		E5119A1D21EE4F2100D46F36 /* PBXContainerItemProxy */ = {
			isa = PBXContainerItemProxy;
			containerPortal = E51199F521EE4F1E00D46F36 /* Project object */;
			proxyType = 1;
			remoteGlobalIDString = E51199FC21EE4F1E00D46F36;
			remoteInfo = "FBLA Trivia";
		};
/* End PBXContainerItemProxy section */

/* Begin PBXFileReference section */
		0B4F7685D55D3B0CF5398285 /* Pods_FBLA_Trivia.framework */ = {isa = PBXFileReference; explicitFileType = wrapper.framework; includeInIndex = 0; path = Pods_FBLA_Trivia.framework; sourceTree = BUILT_PRODUCTS_DIR; };
		2A2E7A967EC0B7B692C6629F /* Pods-FBLA TriviaUITests.release.xcconfig */ = {isa = PBXFileReference; includeInIndex = 1; lastKnownFileType = text.xcconfig; name = "Pods-FBLA TriviaUITests.release.xcconfig"; path = "Pods/Target Support Files/Pods-FBLA TriviaUITests/Pods-FBLA TriviaUITests.release.xcconfig"; sourceTree = "<group>"; };
		437C035AC4839219FD0F836F /* Pods-FBLA Trivia.release.xcconfig */ = {isa = PBXFileReference; includeInIndex = 1; lastKnownFileType = text.xcconfig; name = "Pods-FBLA Trivia.release.xcconfig"; path = "Pods/Target Support Files/Pods-FBLA Trivia/Pods-FBLA Trivia.release.xcconfig"; sourceTree = "<group>"; };
		5ECFD187EAE53C64B0BDE36B /* Pods_FBLA_TriviaTests.framework */ = {isa = PBXFileReference; explicitFileType = wrapper.framework; includeInIndex = 0; path = Pods_FBLA_TriviaTests.framework; sourceTree = BUILT_PRODUCTS_DIR; };
		6D66D6EE50E60FA9E4C67C5B /* Pods-FBLA TriviaTests.debug.xcconfig */ = {isa = PBXFileReference; includeInIndex = 1; lastKnownFileType = text.xcconfig; name = "Pods-FBLA TriviaTests.debug.xcconfig"; path = "Pods/Target Support Files/Pods-FBLA TriviaTests/Pods-FBLA TriviaTests.debug.xcconfig"; sourceTree = "<group>"; };
		BBD56451E348BA74600256C5 /* Pods-FBLA TriviaTests.release.xcconfig */ = {isa = PBXFileReference; includeInIndex = 1; lastKnownFileType = text.xcconfig; name = "Pods-FBLA TriviaTests.release.xcconfig"; path = "Pods/Target Support Files/Pods-FBLA TriviaTests/Pods-FBLA TriviaTests.release.xcconfig"; sourceTree = "<group>"; };
		BF1BD8CF9E008187B614E747 /* Pods-FBLA Trivia.debug.xcconfig */ = {isa = PBXFileReference; includeInIndex = 1; lastKnownFileType = text.xcconfig; name = "Pods-FBLA Trivia.debug.xcconfig"; path = "Pods/Target Support Files/Pods-FBLA Trivia/Pods-FBLA Trivia.debug.xcconfig"; sourceTree = "<group>"; };
		C03F55C9BEB74FE1020363BE /* Pods_FBLA_TriviaUITests.framework */ = {isa = PBXFileReference; explicitFileType = wrapper.framework; includeInIndex = 0; path = Pods_FBLA_TriviaUITests.framework; sourceTree = BUILT_PRODUCTS_DIR; };
		E51199FD21EE4F1E00D46F36 /* FBLA Trivia.app */ = {isa = PBXFileReference; explicitFileType = wrapper.application; includeInIndex = 0; path = "FBLA Trivia.app"; sourceTree = BUILT_PRODUCTS_DIR; };
		E5119A0021EE4F1E00D46F36 /* AppDelegate.swift */ = {isa = PBXFileReference; lastKnownFileType = sourcecode.swift; path = AppDelegate.swift; sourceTree = "<group>"; };
		E5119A0521EE4F1E00D46F36 /* Base */ = {isa = PBXFileReference; lastKnownFileType = file.storyboard; name = Base; path = Base.lproj/Main.storyboard; sourceTree = "<group>"; };
		E5119A0721EE4F2100D46F36 /* Assets.xcassets */ = {isa = PBXFileReference; lastKnownFileType = folder.assetcatalog; path = Assets.xcassets; sourceTree = "<group>"; };
		E5119A0A21EE4F2100D46F36 /* Base */ = {isa = PBXFileReference; lastKnownFileType = file.storyboard; name = Base; path = Base.lproj/LaunchScreen.storyboard; sourceTree = "<group>"; };
		E5119A0C21EE4F2100D46F36 /* Info.plist */ = {isa = PBXFileReference; lastKnownFileType = text.plist.xml; path = Info.plist; sourceTree = "<group>"; };
		E5119A1121EE4F2100D46F36 /* FBLA TriviaTests.xctest */ = {isa = PBXFileReference; explicitFileType = wrapper.cfbundle; includeInIndex = 0; path = "FBLA TriviaTests.xctest"; sourceTree = BUILT_PRODUCTS_DIR; };
		E5119A1521EE4F2100D46F36 /* FBLA_TriviaTests.swift */ = {isa = PBXFileReference; lastKnownFileType = sourcecode.swift; path = FBLA_TriviaTests.swift; sourceTree = "<group>"; };
		E5119A1721EE4F2100D46F36 /* Info.plist */ = {isa = PBXFileReference; lastKnownFileType = text.plist.xml; path = Info.plist; sourceTree = "<group>"; };
		E5119A1C21EE4F2100D46F36 /* FBLA TriviaUITests.xctest */ = {isa = PBXFileReference; explicitFileType = wrapper.cfbundle; includeInIndex = 0; path = "FBLA TriviaUITests.xctest"; sourceTree = BUILT_PRODUCTS_DIR; };
		E5119A2021EE4F2100D46F36 /* FBLA_TriviaUITests.swift */ = {isa = PBXFileReference; lastKnownFileType = sourcecode.swift; path = FBLA_TriviaUITests.swift; sourceTree = "<group>"; };
		E5119A2221EE4F2100D46F36 /* Info.plist */ = {isa = PBXFileReference; lastKnownFileType = text.plist.xml; path = Info.plist; sourceTree = "<group>"; };
		E5119A2E21EE501000D46F36 /* MainVC.swift */ = {isa = PBXFileReference; lastKnownFileType = sourcecode.swift; path = MainVC.swift; sourceTree = "<group>"; };
		E5119A3221EE6F8800D46F36 /* PlayfairDisplay-Black.ttf */ = {isa = PBXFileReference; lastKnownFileType = file; path = "PlayfairDisplay-Black.ttf"; sourceTree = "<group>"; };
		E5119A3421EE751400D46F36 /* OptionsVC.swift */ = {isa = PBXFileReference; lastKnownFileType = sourcecode.swift; path = OptionsVC.swift; sourceTree = "<group>"; };
		E5119A3621EE752D00D46F36 /* AdminVC.swift */ = {isa = PBXFileReference; lastKnownFileType = sourcecode.swift; path = AdminVC.swift; sourceTree = "<group>"; };
		E5119A3821EE754E00D46F36 /* PlayerVC.swift */ = {isa = PBXFileReference; lastKnownFileType = sourcecode.swift; path = PlayerVC.swift; sourceTree = "<group>"; };
		E5119A3A21EE758900D46F36 /* CategouriesVC.swift */ = {isa = PBXFileReference; lastKnownFileType = sourcecode.swift; path = CategouriesVC.swift; sourceTree = "<group>"; };
		E5119A3D21EE75D100D46F36 /* OneVC.swift */ = {isa = PBXFileReference; lastKnownFileType = sourcecode.swift; path = OneVC.swift; sourceTree = "<group>"; };
		E5119A3F21EE75E100D46F36 /* TwoVC.swift */ = {isa = PBXFileReference; lastKnownFileType = sourcecode.swift; path = TwoVC.swift; sourceTree = "<group>"; };
		E5119A4121EE75F100D46F36 /* ThreeVC.swift */ = {isa = PBXFileReference; lastKnownFileType = sourcecode.swift; path = ThreeVC.swift; sourceTree = "<group>"; };
		E5119A4321EE760300D46F36 /* FourVC.swift */ = {isa = PBXFileReference; lastKnownFileType = sourcecode.swift; path = FourVC.swift; sourceTree = "<group>"; };
		E5119A4521EE761A00D46F36 /* FiveVC.swift */ = {isa = PBXFileReference; lastKnownFileType = sourcecode.swift; path = FiveVC.swift; sourceTree = "<group>"; };
		E5119A4721EE762900D46F36 /* SixVC.swift */ = {isa = PBXFileReference; lastKnownFileType = sourcecode.swift; path = SixVC.swift; sourceTree = "<group>"; };
		E5119A4A21EE775C00D46F36 /* GoogleService-Info.plist */ = {isa = PBXFileReference; fileEncoding = 4; lastKnownFileType = text.plist.xml; path = "GoogleService-Info.plist"; sourceTree = "<group>"; };
		E5119A4D21EE7D0600D46F36 /* FirestoreData.swift */ = {isa = PBXFileReference; fileEncoding = 4; lastKnownFileType = sourcecode.swift; path = FirestoreData.swift; sourceTree = "<group>"; };
		E5119A4F21EE7D1900D46F36 /* GameSession.swift */ = {isa = PBXFileReference; fileEncoding = 4; lastKnownFileType = sourcecode.swift; path = GameSession.swift; sourceTree = "<group>"; };
		E5119A5121EE7D2C00D46F36 /* Alerts.swift */ = {isa = PBXFileReference; fileEncoding = 4; lastKnownFileType = sourcecode.swift; path = Alerts.swift; sourceTree = "<group>"; };
		E5119A5321EE7E8F00D46F36 /* PlayerCell.swift */ = {isa = PBXFileReference; fileEncoding = 4; lastKnownFileType = sourcecode.swift; path = PlayerCell.swift; sourceTree = "<group>"; };
		E5119A5521EF905700D46F36 /* Session.swift */ = {isa = PBXFileReference; fileEncoding = 4; lastKnownFileType = sourcecode.swift; path = Session.swift; sourceTree = "<group>"; };
		F88318BA2201D2CF0D748294 /* Pods-FBLA TriviaUITests.debug.xcconfig */ = {isa = PBXFileReference; includeInIndex = 1; lastKnownFileType = text.xcconfig; name = "Pods-FBLA TriviaUITests.debug.xcconfig"; path = "Pods/Target Support Files/Pods-FBLA TriviaUITests/Pods-FBLA TriviaUITests.debug.xcconfig"; sourceTree = "<group>"; };
/* End PBXFileReference section */

/* Begin PBXFrameworksBuildPhase section */
		E51199FA21EE4F1E00D46F36 /* Frameworks */ = {
			isa = PBXFrameworksBuildPhase;
			buildActionMask = 2147483647;
			files = (
				E873F4654812290D01CD1E3E /* Pods_FBLA_Trivia.framework in Frameworks */,
			);
			runOnlyForDeploymentPostprocessing = 0;
		};
		E5119A0E21EE4F2100D46F36 /* Frameworks */ = {
			isa = PBXFrameworksBuildPhase;
			buildActionMask = 2147483647;
			files = (
				4552504EFF74C498A75656C4 /* Pods_FBLA_TriviaTests.framework in Frameworks */,
			);
			runOnlyForDeploymentPostprocessing = 0;
		};
		E5119A1921EE4F2100D46F36 /* Frameworks */ = {
			isa = PBXFrameworksBuildPhase;
			buildActionMask = 2147483647;
			files = (
				615FAF62CB1E4614B243A622 /* Pods_FBLA_TriviaUITests.framework in Frameworks */,
			);
			runOnlyForDeploymentPostprocessing = 0;
		};
/* End PBXFrameworksBuildPhase section */

/* Begin PBXGroup section */
		92638D65AF04ABB853383932 /* Frameworks */ = {
			isa = PBXGroup;
			children = (
				0B4F7685D55D3B0CF5398285 /* Pods_FBLA_Trivia.framework */,
				5ECFD187EAE53C64B0BDE36B /* Pods_FBLA_TriviaTests.framework */,
				C03F55C9BEB74FE1020363BE /* Pods_FBLA_TriviaUITests.framework */,
			);
			name = Frameworks;
			sourceTree = "<group>";
		};
		E29CF4F04DAAEC47DA3D86B8 /* Pods */ = {
			isa = PBXGroup;
			children = (
				BF1BD8CF9E008187B614E747 /* Pods-FBLA Trivia.debug.xcconfig */,
				437C035AC4839219FD0F836F /* Pods-FBLA Trivia.release.xcconfig */,
				6D66D6EE50E60FA9E4C67C5B /* Pods-FBLA TriviaTests.debug.xcconfig */,
				BBD56451E348BA74600256C5 /* Pods-FBLA TriviaTests.release.xcconfig */,
				F88318BA2201D2CF0D748294 /* Pods-FBLA TriviaUITests.debug.xcconfig */,
				2A2E7A967EC0B7B692C6629F /* Pods-FBLA TriviaUITests.release.xcconfig */,
			);
			name = Pods;
			sourceTree = "<group>";
		};
		E51199F421EE4F1E00D46F36 = {
			isa = PBXGroup;
			children = (
				E51199FF21EE4F1E00D46F36 /* FBLA Trivia */,
				E5119A1421EE4F2100D46F36 /* FBLA TriviaTests */,
				E5119A1F21EE4F2100D46F36 /* FBLA TriviaUITests */,
				E51199FE21EE4F1E00D46F36 /* Products */,
				E29CF4F04DAAEC47DA3D86B8 /* Pods */,
				92638D65AF04ABB853383932 /* Frameworks */,
			);
			sourceTree = "<group>";
		};
		E51199FE21EE4F1E00D46F36 /* Products */ = {
			isa = PBXGroup;
			children = (
				E51199FD21EE4F1E00D46F36 /* FBLA Trivia.app */,
				E5119A1121EE4F2100D46F36 /* FBLA TriviaTests.xctest */,
				E5119A1C21EE4F2100D46F36 /* FBLA TriviaUITests.xctest */,
			);
			name = Products;
			sourceTree = "<group>";
		};
		E51199FF21EE4F1E00D46F36 /* FBLA Trivia */ = {
			isa = PBXGroup;
			children = (
				E5119A0021EE4F1E00D46F36 /* AppDelegate.swift */,
				E5119A3021EE501A00D46F36 /* ViewControllers */,
				E5119A4C21EE7CD200D46F36 /* Objects */,
				E5119A0421EE4F1E00D46F36 /* Main.storyboard */,
				E5119A0721EE4F2100D46F36 /* Assets.xcassets */,
				E5119A0921EE4F2100D46F36 /* LaunchScreen.storyboard */,
				E5119A0C21EE4F2100D46F36 /* Info.plist */,
				E5119A4A21EE775C00D46F36 /* GoogleService-Info.plist */,
				E5119A3121EE6C8100D46F36 /* Resources */,
			);
			path = "FBLA Trivia";
			sourceTree = "<group>";
		};
		E5119A1421EE4F2100D46F36 /* FBLA TriviaTests */ = {
			isa = PBXGroup;
			children = (
				E5119A1521EE4F2100D46F36 /* FBLA_TriviaTests.swift */,
				E5119A1721EE4F2100D46F36 /* Info.plist */,
			);
			path = "FBLA TriviaTests";
			sourceTree = "<group>";
		};
		E5119A1F21EE4F2100D46F36 /* FBLA TriviaUITests */ = {
			isa = PBXGroup;
			children = (
				E5119A2021EE4F2100D46F36 /* FBLA_TriviaUITests.swift */,
				E5119A2221EE4F2100D46F36 /* Info.plist */,
			);
			path = "FBLA TriviaUITests";
			sourceTree = "<group>";
		};
		E5119A3021EE501A00D46F36 /* ViewControllers */ = {
			isa = PBXGroup;
			children = (
				E5119A2E21EE501000D46F36 /* MainVC.swift */,
				E5119A4921EE763200D46F36 /* Setup ViewControllers */,
				E5119A3C21EE759B00D46F36 /* Categoury ViewControllers */,
			);
			path = ViewControllers;
			sourceTree = "<group>";
		};
		E5119A3121EE6C8100D46F36 /* Resources */ = {
			isa = PBXGroup;
			children = (
				E5119A3221EE6F8800D46F36 /* PlayfairDisplay-Black.ttf */,
			);
			path = Resources;
			sourceTree = "<group>";
		};
		E5119A3C21EE759B00D46F36 /* Categoury ViewControllers */ = {
			isa = PBXGroup;
			children = (
				E5119A3D21EE75D100D46F36 /* OneVC.swift */,
				E5119A3F21EE75E100D46F36 /* TwoVC.swift */,
				E5119A4121EE75F100D46F36 /* ThreeVC.swift */,
				E5119A4321EE760300D46F36 /* FourVC.swift */,
				E5119A4521EE761A00D46F36 /* FiveVC.swift */,
				E5119A4721EE762900D46F36 /* SixVC.swift */,
			);
			path = "Categoury ViewControllers";
			sourceTree = "<group>";
		};
		E5119A4921EE763200D46F36 /* Setup ViewControllers */ = {
			isa = PBXGroup;
			children = (
				E5119A3421EE751400D46F36 /* OptionsVC.swift */,
				E5119A3621EE752D00D46F36 /* AdminVC.swift */,
				E5119A3821EE754E00D46F36 /* PlayerVC.swift */,
				E5119A3A21EE758900D46F36 /* CategouriesVC.swift */,
			);
			path = "Setup ViewControllers";
			sourceTree = "<group>";
		};
		E5119A4C21EE7CD200D46F36 /* Objects */ = {
			isa = PBXGroup;
			children = (
				E5119A5321EE7E8F00D46F36 /* PlayerCell.swift */,
				E5119A5521EF905700D46F36 /* Session.swift */,
				E5119A5121EE7D2C00D46F36 /* Alerts.swift */,
				E5119A4D21EE7D0600D46F36 /* FirestoreData.swift */,
				E5119A4F21EE7D1900D46F36 /* GameSession.swift */,
			);
			path = Objects;
			sourceTree = "<group>";
		};
/* End PBXGroup section */

/* Begin PBXNativeTarget section */
		E51199FC21EE4F1E00D46F36 /* FBLA Trivia */ = {
			isa = PBXNativeTarget;
			buildConfigurationList = E5119A2521EE4F2100D46F36 /* Build configuration list for PBXNativeTarget "FBLA Trivia" */;
			buildPhases = (
				609976CD16D26B334D44E67B /* [CP] Check Pods Manifest.lock */,
				E51199F921EE4F1E00D46F36 /* Sources */,
				E51199FA21EE4F1E00D46F36 /* Frameworks */,
				E51199FB21EE4F1E00D46F36 /* Resources */,
				D87F424BE65CE3E7D637C009 /* [CP] Embed Pods Frameworks */,
				79E3E270CA6D87FBF37DC7D0 /* [CP] Copy Pods Resources */,
			);
			buildRules = (
			);
			dependencies = (
			);
			name = "FBLA Trivia";
			productName = "FBLA Trivia";
			productReference = E51199FD21EE4F1E00D46F36 /* FBLA Trivia.app */;
			productType = "com.apple.product-type.application";
		};
		E5119A1021EE4F2100D46F36 /* FBLA TriviaTests */ = {
			isa = PBXNativeTarget;
			buildConfigurationList = E5119A2821EE4F2100D46F36 /* Build configuration list for PBXNativeTarget "FBLA TriviaTests" */;
			buildPhases = (
				1728D4ABD1F0D4CFB8B1EC8B /* [CP] Check Pods Manifest.lock */,
				E5119A0D21EE4F2100D46F36 /* Sources */,
				E5119A0E21EE4F2100D46F36 /* Frameworks */,
				E5119A0F21EE4F2100D46F36 /* Resources */,
			);
			buildRules = (
			);
			dependencies = (
				E5119A1321EE4F2100D46F36 /* PBXTargetDependency */,
			);
			name = "FBLA TriviaTests";
			productName = "FBLA TriviaTests";
			productReference = E5119A1121EE4F2100D46F36 /* FBLA TriviaTests.xctest */;
			productType = "com.apple.product-type.bundle.unit-test";
		};
		E5119A1B21EE4F2100D46F36 /* FBLA TriviaUITests */ = {
			isa = PBXNativeTarget;
			buildConfigurationList = E5119A2B21EE4F2100D46F36 /* Build configuration list for PBXNativeTarget "FBLA TriviaUITests" */;
			buildPhases = (
				D6DEC9D4493292651CB099EC /* [CP] Check Pods Manifest.lock */,
				E5119A1821EE4F2100D46F36 /* Sources */,
				E5119A1921EE4F2100D46F36 /* Frameworks */,
				E5119A1A21EE4F2100D46F36 /* Resources */,
			);
			buildRules = (
			);
			dependencies = (
				E5119A1E21EE4F2100D46F36 /* PBXTargetDependency */,
			);
			name = "FBLA TriviaUITests";
			productName = "FBLA TriviaUITests";
			productReference = E5119A1C21EE4F2100D46F36 /* FBLA TriviaUITests.xctest */;
			productType = "com.apple.product-type.bundle.ui-testing";
		};
/* End PBXNativeTarget section */

/* Begin PBXProject section */
		E51199F521EE4F1E00D46F36 /* Project object */ = {
			isa = PBXProject;
			attributes = {
				LastSwiftUpdateCheck = 1010;
				LastUpgradeCheck = 1010;
				ORGANIZATIONNAME = "Tanner York";
				TargetAttributes = {
					E51199FC21EE4F1E00D46F36 = {
						CreatedOnToolsVersion = 10.1;
					};
					E5119A1021EE4F2100D46F36 = {
						CreatedOnToolsVersion = 10.1;
						TestTargetID = E51199FC21EE4F1E00D46F36;
					};
					E5119A1B21EE4F2100D46F36 = {
						CreatedOnToolsVersion = 10.1;
						TestTargetID = E51199FC21EE4F1E00D46F36;
					};
				};
			};
			buildConfigurationList = E51199F821EE4F1E00D46F36 /* Build configuration list for PBXProject "FBLA Trivia" */;
			compatibilityVersion = "Xcode 9.3";
			developmentRegion = en;
			hasScannedForEncodings = 0;
			knownRegions = (
				en,
				Base,
			);
			mainGroup = E51199F421EE4F1E00D46F36;
			productRefGroup = E51199FE21EE4F1E00D46F36 /* Products */;
			projectDirPath = "";
			projectRoot = "";
			targets = (
				E51199FC21EE4F1E00D46F36 /* FBLA Trivia */,
				E5119A1021EE4F2100D46F36 /* FBLA TriviaTests */,
				E5119A1B21EE4F2100D46F36 /* FBLA TriviaUITests */,
			);
		};
/* End PBXProject section */

/* Begin PBXResourcesBuildPhase section */
		E51199FB21EE4F1E00D46F36 /* Resources */ = {
			isa = PBXResourcesBuildPhase;
			buildActionMask = 2147483647;
			files = (
				E5119A0B21EE4F2100D46F36 /* LaunchScreen.storyboard in Resources */,
				E5119A3321EE6F8800D46F36 /* PlayfairDisplay-Black.ttf in Resources */,
				E5119A4B21EE775C00D46F36 /* GoogleService-Info.plist in Resources */,
				E5119A0821EE4F2100D46F36 /* Assets.xcassets in Resources */,
				E5119A0621EE4F1E00D46F36 /* Main.storyboard in Resources */,
			);
			runOnlyForDeploymentPostprocessing = 0;
		};
		E5119A0F21EE4F2100D46F36 /* Resources */ = {
			isa = PBXResourcesBuildPhase;
			buildActionMask = 2147483647;
			files = (
			);
			runOnlyForDeploymentPostprocessing = 0;
		};
		E5119A1A21EE4F2100D46F36 /* Resources */ = {
			isa = PBXResourcesBuildPhase;
			buildActionMask = 2147483647;
			files = (
			);
			runOnlyForDeploymentPostprocessing = 0;
		};
/* End PBXResourcesBuildPhase section */

/* Begin PBXShellScriptBuildPhase section */
		1728D4ABD1F0D4CFB8B1EC8B /* [CP] Check Pods Manifest.lock */ = {
			isa = PBXShellScriptBuildPhase;
			buildActionMask = 2147483647;
			files = (
			);
			inputPaths = (
				"${PODS_PODFILE_DIR_PATH}/Podfile.lock",
				"${PODS_ROOT}/Manifest.lock",
			);
			name = "[CP] Check Pods Manifest.lock";
			outputPaths = (
				"$(DERIVED_FILE_DIR)/Pods-FBLA TriviaTests-checkManifestLockResult.txt",
			);
			runOnlyForDeploymentPostprocessing = 0;
			shellPath = /bin/sh;
			shellScript = "diff \"${PODS_PODFILE_DIR_PATH}/Podfile.lock\" \"${PODS_ROOT}/Manifest.lock\" > /dev/null\nif [ $? != 0 ] ; then\n    # print error to STDERR\n    echo \"error: The sandbox is not in sync with the Podfile.lock. Run 'pod install' or update your CocoaPods installation.\" >&2\n    exit 1\nfi\n# This output is used by Xcode 'outputs' to avoid re-running this script phase.\necho \"SUCCESS\" > \"${SCRIPT_OUTPUT_FILE_0}\"\n";
			showEnvVarsInLog = 0;
		};
		609976CD16D26B334D44E67B /* [CP] Check Pods Manifest.lock */ = {
			isa = PBXShellScriptBuildPhase;
			buildActionMask = 2147483647;
			files = (
			);
			inputPaths = (
				"${PODS_PODFILE_DIR_PATH}/Podfile.lock",
				"${PODS_ROOT}/Manifest.lock",
			);
			name = "[CP] Check Pods Manifest.lock";
			outputPaths = (
				"$(DERIVED_FILE_DIR)/Pods-FBLA Trivia-checkManifestLockResult.txt",
			);
			runOnlyForDeploymentPostprocessing = 0;
			shellPath = /bin/sh;
			shellScript = "diff \"${PODS_PODFILE_DIR_PATH}/Podfile.lock\" \"${PODS_ROOT}/Manifest.lock\" > /dev/null\nif [ $? != 0 ] ; then\n    # print error to STDERR\n    echo \"error: The sandbox is not in sync with the Podfile.lock. Run 'pod install' or update your CocoaPods installation.\" >&2\n    exit 1\nfi\n# This output is used by Xcode 'outputs' to avoid re-running this script phase.\necho \"SUCCESS\" > \"${SCRIPT_OUTPUT_FILE_0}\"\n";
			showEnvVarsInLog = 0;
		};
		79E3E270CA6D87FBF37DC7D0 /* [CP] Copy Pods Resources */ = {
			isa = PBXShellScriptBuildPhase;
			buildActionMask = 2147483647;
			files = (
			);
			inputPaths = (
				"${SRCROOT}/Pods/Target Support Files/Pods-FBLA Trivia/Pods-FBLA Trivia-resources.sh",
				"${PODS_CONFIGURATION_BUILD_DIR}/FirebaseFirestore/gRPCCertificates-Firestore.bundle",
				"${PODS_CONFIGURATION_BUILD_DIR}/FirebaseUI/FirebaseAuthUI.bundle",
				"${PODS_CONFIGURATION_BUILD_DIR}/FirebaseUI/FirebaseFacebookAuthUI.bundle",
				"${PODS_CONFIGURATION_BUILD_DIR}/FirebaseUI/FirebaseGoogleAuthUI.bundle",
				"${PODS_ROOT}/GoogleSignIn/Resources/GoogleSignIn.bundle",
			);
			name = "[CP] Copy Pods Resources";
			outputPaths = (
				"${TARGET_BUILD_DIR}/${UNLOCALIZED_RESOURCES_FOLDER_PATH}/gRPCCertificates-Firestore.bundle",
				"${TARGET_BUILD_DIR}/${UNLOCALIZED_RESOURCES_FOLDER_PATH}/FirebaseAuthUI.bundle",
				"${TARGET_BUILD_DIR}/${UNLOCALIZED_RESOURCES_FOLDER_PATH}/FirebaseFacebookAuthUI.bundle",
				"${TARGET_BUILD_DIR}/${UNLOCALIZED_RESOURCES_FOLDER_PATH}/FirebaseGoogleAuthUI.bundle",
				"${TARGET_BUILD_DIR}/${UNLOCALIZED_RESOURCES_FOLDER_PATH}/GoogleSignIn.bundle",
			);
			runOnlyForDeploymentPostprocessing = 0;
			shellPath = /bin/sh;
			shellScript = "\"${SRCROOT}/Pods/Target Support Files/Pods-FBLA Trivia/Pods-FBLA Trivia-resources.sh\"\n";
			showEnvVarsInLog = 0;
		};
		D6DEC9D4493292651CB099EC /* [CP] Check Pods Manifest.lock */ = {
			isa = PBXShellScriptBuildPhase;
			buildActionMask = 2147483647;
			files = (
			);
			inputPaths = (
				"${PODS_PODFILE_DIR_PATH}/Podfile.lock",
				"${PODS_ROOT}/Manifest.lock",
			);
			name = "[CP] Check Pods Manifest.lock";
			outputPaths = (
				"$(DERIVED_FILE_DIR)/Pods-FBLA TriviaUITests-checkManifestLockResult.txt",
			);
			runOnlyForDeploymentPostprocessing = 0;
			shellPath = /bin/sh;
			shellScript = "diff \"${PODS_PODFILE_DIR_PATH}/Podfile.lock\" \"${PODS_ROOT}/Manifest.lock\" > /dev/null\nif [ $? != 0 ] ; then\n    # print error to STDERR\n    echo \"error: The sandbox is not in sync with the Podfile.lock. Run 'pod install' or update your CocoaPods installation.\" >&2\n    exit 1\nfi\n# This output is used by Xcode 'outputs' to avoid re-running this script phase.\necho \"SUCCESS\" > \"${SCRIPT_OUTPUT_FILE_0}\"\n";
			showEnvVarsInLog = 0;
		};
		D87F424BE65CE3E7D637C009 /* [CP] Embed Pods Frameworks */ = {
			isa = PBXShellScriptBuildPhase;
			buildActionMask = 2147483647;
			files = (
			);
			inputPaths = (
				"${SRCROOT}/Pods/Target Support Files/Pods-FBLA Trivia/Pods-FBLA Trivia-frameworks.sh",
				"${BUILT_PRODUCTS_DIR}/Bolts/Bolts.framework",
				"${BUILT_PRODUCTS_DIR}/BoringSSL/openssl.framework",
				"${BUILT_PRODUCTS_DIR}/FBSDKCoreKit/FBSDKCoreKit.framework",
				"${BUILT_PRODUCTS_DIR}/FBSDKLoginKit/FBSDKLoginKit.framework",
				"${BUILT_PRODUCTS_DIR}/GTMSessionFetcher/GTMSessionFetcher.framework",
				"${BUILT_PRODUCTS_DIR}/GoogleToolboxForMac/GoogleToolboxForMac.framework",
				"${BUILT_PRODUCTS_DIR}/GoogleUtilities/GoogleUtilities.framework",
				"${BUILT_PRODUCTS_DIR}/Protobuf/Protobuf.framework",
				"${BUILT_PRODUCTS_DIR}/TTFortuneWheel/TTFortuneWheel.framework",
				"${BUILT_PRODUCTS_DIR}/gRPC-C++/grpcpp.framework",
				"${BUILT_PRODUCTS_DIR}/gRPC-Core/grpc.framework",
				"${BUILT_PRODUCTS_DIR}/leveldb-library/leveldb.framework",
				"${BUILT_PRODUCTS_DIR}/nanopb/nanopb.framework",
			);
			name = "[CP] Embed Pods Frameworks";
			outputPaths = (
				"${TARGET_BUILD_DIR}/${FRAMEWORKS_FOLDER_PATH}/Bolts.framework",
				"${TARGET_BUILD_DIR}/${FRAMEWORKS_FOLDER_PATH}/openssl.framework",
				"${TARGET_BUILD_DIR}/${FRAMEWORKS_FOLDER_PATH}/FBSDKCoreKit.framework",
				"${TARGET_BUILD_DIR}/${FRAMEWORKS_FOLDER_PATH}/FBSDKLoginKit.framework",
				"${TARGET_BUILD_DIR}/${FRAMEWORKS_FOLDER_PATH}/GTMSessionFetcher.framework",
				"${TARGET_BUILD_DIR}/${FRAMEWORKS_FOLDER_PATH}/GoogleToolboxForMac.framework",
				"${TARGET_BUILD_DIR}/${FRAMEWORKS_FOLDER_PATH}/GoogleUtilities.framework",
				"${TARGET_BUILD_DIR}/${FRAMEWORKS_FOLDER_PATH}/Protobuf.framework",
				"${TARGET_BUILD_DIR}/${FRAMEWORKS_FOLDER_PATH}/TTFortuneWheel.framework",
				"${TARGET_BUILD_DIR}/${FRAMEWORKS_FOLDER_PATH}/grpcpp.framework",
				"${TARGET_BUILD_DIR}/${FRAMEWORKS_FOLDER_PATH}/grpc.framework",
				"${TARGET_BUILD_DIR}/${FRAMEWORKS_FOLDER_PATH}/leveldb.framework",
				"${TARGET_BUILD_DIR}/${FRAMEWORKS_FOLDER_PATH}/nanopb.framework",
			);
			runOnlyForDeploymentPostprocessing = 0;
			shellPath = /bin/sh;
			shellScript = "\"${SRCROOT}/Pods/Target Support Files/Pods-FBLA Trivia/Pods-FBLA Trivia-frameworks.sh\"\n";
			showEnvVarsInLog = 0;
		};
/* End PBXShellScriptBuildPhase section */

/* Begin PBXSourcesBuildPhase section */
		E51199F921EE4F1E00D46F36 /* Sources */ = {
			isa = PBXSourcesBuildPhase;
			buildActionMask = 2147483647;
			files = (
				E5119A4421EE760300D46F36 /* FourVC.swift in Sources */,
				E5119A5621EF905800D46F36 /* Session.swift in Sources */,
				E5119A5221EE7D2C00D46F36 /* Alerts.swift in Sources */,
				E5119A3E21EE75D100D46F36 /* OneVC.swift in Sources */,
				E5119A4021EE75E100D46F36 /* TwoVC.swift in Sources */,
				E5119A4E21EE7D0600D46F36 /* FirestoreData.swift in Sources */,
				E5119A5021EE7D1900D46F36 /* GameSession.swift in Sources */,
				E5119A4821EE762900D46F36 /* SixVC.swift in Sources */,
				E5119A4221EE75F100D46F36 /* ThreeVC.swift in Sources */,
				E5119A5421EE7E8F00D46F36 /* PlayerCell.swift in Sources */,
				E5119A0121EE4F1E00D46F36 /* AppDelegate.swift in Sources */,
				E5119A3521EE751400D46F36 /* OptionsVC.swift in Sources */,
				E5119A4621EE761A00D46F36 /* FiveVC.swift in Sources */,
				E5119A3B21EE758900D46F36 /* CategouriesVC.swift in Sources */,
				E5119A3721EE752D00D46F36 /* AdminVC.swift in Sources */,
				E5119A2F21EE501000D46F36 /* MainVC.swift in Sources */,
				E5119A3921EE754E00D46F36 /* PlayerVC.swift in Sources */,
			);
			runOnlyForDeploymentPostprocessing = 0;
		};
		E5119A0D21EE4F2100D46F36 /* Sources */ = {
			isa = PBXSourcesBuildPhase;
			buildActionMask = 2147483647;
			files = (
				E5119A1621EE4F2100D46F36 /* FBLA_TriviaTests.swift in Sources */,
			);
			runOnlyForDeploymentPostprocessing = 0;
		};
		E5119A1821EE4F2100D46F36 /* Sources */ = {
			isa = PBXSourcesBuildPhase;
			buildActionMask = 2147483647;
			files = (
				E5119A2121EE4F2100D46F36 /* FBLA_TriviaUITests.swift in Sources */,
			);
			runOnlyForDeploymentPostprocessing = 0;
		};
/* End PBXSourcesBuildPhase section */

/* Begin PBXTargetDependency section */
		E5119A1321EE4F2100D46F36 /* PBXTargetDependency */ = {
			isa = PBXTargetDependency;
			target = E51199FC21EE4F1E00D46F36 /* FBLA Trivia */;
			targetProxy = E5119A1221EE4F2100D46F36 /* PBXContainerItemProxy */;
		};
		E5119A1E21EE4F2100D46F36 /* PBXTargetDependency */ = {
			isa = PBXTargetDependency;
			target = E51199FC21EE4F1E00D46F36 /* FBLA Trivia */;
			targetProxy = E5119A1D21EE4F2100D46F36 /* PBXContainerItemProxy */;
		};
/* End PBXTargetDependency section */

/* Begin PBXVariantGroup section */
		E5119A0421EE4F1E00D46F36 /* Main.storyboard */ = {
			isa = PBXVariantGroup;
			children = (
				E5119A0521EE4F1E00D46F36 /* Base */,
			);
			name = Main.storyboard;
			sourceTree = "<group>";
		};
		E5119A0921EE4F2100D46F36 /* LaunchScreen.storyboard */ = {
			isa = PBXVariantGroup;
			children = (
				E5119A0A21EE4F2100D46F36 /* Base */,
			);
			name = LaunchScreen.storyboard;
			sourceTree = "<group>";
		};
/* End PBXVariantGroup section */

/* Begin XCBuildConfiguration section */
		E5119A2321EE4F2100D46F36 /* Debug */ = {
			isa = XCBuildConfiguration;
			buildSettings = {
				ALWAYS_SEARCH_USER_PATHS = NO;
				CLANG_ANALYZER_NONNULL = YES;
				CLANG_ANALYZER_NUMBER_OBJECT_CONVERSION = YES_AGGRESSIVE;
				CLANG_CXX_LANGUAGE_STANDARD = "gnu++14";
				CLANG_CXX_LIBRARY = "libc++";
				CLANG_ENABLE_MODULES = YES;
				CLANG_ENABLE_OBJC_ARC = YES;
				CLANG_ENABLE_OBJC_WEAK = YES;
				CLANG_WARN_BLOCK_CAPTURE_AUTORELEASING = YES;
				CLANG_WARN_BOOL_CONVERSION = YES;
				CLANG_WARN_COMMA = YES;
				CLANG_WARN_CONSTANT_CONVERSION = YES;
				CLANG_WARN_DEPRECATED_OBJC_IMPLEMENTATIONS = YES;
				CLANG_WARN_DIRECT_OBJC_ISA_USAGE = YES_ERROR;
				CLANG_WARN_DOCUMENTATION_COMMENTS = YES;
				CLANG_WARN_EMPTY_BODY = YES;
				CLANG_WARN_ENUM_CONVERSION = YES;
				CLANG_WARN_INFINITE_RECURSION = YES;
				CLANG_WARN_INT_CONVERSION = YES;
				CLANG_WARN_NON_LITERAL_NULL_CONVERSION = YES;
				CLANG_WARN_OBJC_IMPLICIT_RETAIN_SELF = YES;
				CLANG_WARN_OBJC_LITERAL_CONVERSION = YES;
				CLANG_WARN_OBJC_ROOT_CLASS = YES_ERROR;
				CLANG_WARN_RANGE_LOOP_ANALYSIS = YES;
				CLANG_WARN_STRICT_PROTOTYPES = YES;
				CLANG_WARN_SUSPICIOUS_MOVE = YES;
				CLANG_WARN_UNGUARDED_AVAILABILITY = YES_AGGRESSIVE;
				CLANG_WARN_UNREACHABLE_CODE = YES;
				CLANG_WARN__DUPLICATE_METHOD_MATCH = YES;
				CODE_SIGN_IDENTITY = "iPhone Developer";
				COPY_PHASE_STRIP = NO;
				DEBUG_INFORMATION_FORMAT = dwarf;
				ENABLE_STRICT_OBJC_MSGSEND = YES;
				ENABLE_TESTABILITY = YES;
				GCC_C_LANGUAGE_STANDARD = gnu11;
				GCC_DYNAMIC_NO_PIC = NO;
				GCC_NO_COMMON_BLOCKS = YES;
				GCC_OPTIMIZATION_LEVEL = 0;
				GCC_PREPROCESSOR_DEFINITIONS = (
					"DEBUG=1",
					"$(inherited)",
				);
				GCC_WARN_64_TO_32_BIT_CONVERSION = YES;
				GCC_WARN_ABOUT_RETURN_TYPE = YES_ERROR;
				GCC_WARN_UNDECLARED_SELECTOR = YES;
				GCC_WARN_UNINITIALIZED_AUTOS = YES_AGGRESSIVE;
				GCC_WARN_UNUSED_FUNCTION = YES;
				GCC_WARN_UNUSED_VARIABLE = YES;
				IPHONEOS_DEPLOYMENT_TARGET = 12.1;
				MTL_ENABLE_DEBUG_INFO = INCLUDE_SOURCE;
				MTL_FAST_MATH = YES;
				ONLY_ACTIVE_ARCH = YES;
				SDKROOT = iphoneos;
				SWIFT_ACTIVE_COMPILATION_CONDITIONS = DEBUG;
				SWIFT_OPTIMIZATION_LEVEL = "-Onone";
			};
			name = Debug;
		};
		E5119A2421EE4F2100D46F36 /* Release */ = {
			isa = XCBuildConfiguration;
			buildSettings = {
				ALWAYS_SEARCH_USER_PATHS = NO;
				CLANG_ANALYZER_NONNULL = YES;
				CLANG_ANALYZER_NUMBER_OBJECT_CONVERSION = YES_AGGRESSIVE;
				CLANG_CXX_LANGUAGE_STANDARD = "gnu++14";
				CLANG_CXX_LIBRARY = "libc++";
				CLANG_ENABLE_MODULES = YES;
				CLANG_ENABLE_OBJC_ARC = YES;
				CLANG_ENABLE_OBJC_WEAK = YES;
				CLANG_WARN_BLOCK_CAPTURE_AUTORELEASING = YES;
				CLANG_WARN_BOOL_CONVERSION = YES;
				CLANG_WARN_COMMA = YES;
				CLANG_WARN_CONSTANT_CONVERSION = YES;
				CLANG_WARN_DEPRECATED_OBJC_IMPLEMENTATIONS = YES;
				CLANG_WARN_DIRECT_OBJC_ISA_USAGE = YES_ERROR;
				CLANG_WARN_DOCUMENTATION_COMMENTS = YES;
				CLANG_WARN_EMPTY_BODY = YES;
				CLANG_WARN_ENUM_CONVERSION = YES;
				CLANG_WARN_INFINITE_RECURSION = YES;
				CLANG_WARN_INT_CONVERSION = YES;
				CLANG_WARN_NON_LITERAL_NULL_CONVERSION = YES;
				CLANG_WARN_OBJC_IMPLICIT_RETAIN_SELF = YES;
				CLANG_WARN_OBJC_LITERAL_CONVERSION = YES;
				CLANG_WARN_OBJC_ROOT_CLASS = YES_ERROR;
				CLANG_WARN_RANGE_LOOP_ANALYSIS = YES;
				CLANG_WARN_STRICT_PROTOTYPES = YES;
				CLANG_WARN_SUSPICIOUS_MOVE = YES;
				CLANG_WARN_UNGUARDED_AVAILABILITY = YES_AGGRESSIVE;
				CLANG_WARN_UNREACHABLE_CODE = YES;
				CLANG_WARN__DUPLICATE_METHOD_MATCH = YES;
				CODE_SIGN_IDENTITY = "iPhone Developer";
				COPY_PHASE_STRIP = NO;
				DEBUG_INFORMATION_FORMAT = "dwarf-with-dsym";
				ENABLE_NS_ASSERTIONS = NO;
				ENABLE_STRICT_OBJC_MSGSEND = YES;
				GCC_C_LANGUAGE_STANDARD = gnu11;
				GCC_NO_COMMON_BLOCKS = YES;
				GCC_WARN_64_TO_32_BIT_CONVERSION = YES;
				GCC_WARN_ABOUT_RETURN_TYPE = YES_ERROR;
				GCC_WARN_UNDECLARED_SELECTOR = YES;
				GCC_WARN_UNINITIALIZED_AUTOS = YES_AGGRESSIVE;
				GCC_WARN_UNUSED_FUNCTION = YES;
				GCC_WARN_UNUSED_VARIABLE = YES;
				IPHONEOS_DEPLOYMENT_TARGET = 12.1;
				MTL_ENABLE_DEBUG_INFO = NO;
				MTL_FAST_MATH = YES;
				SDKROOT = iphoneos;
				SWIFT_COMPILATION_MODE = wholemodule;
				SWIFT_OPTIMIZATION_LEVEL = "-O";
				VALIDATE_PRODUCT = YES;
			};
			name = Release;
		};
		E5119A2621EE4F2100D46F36 /* Debug */ = {
			isa = XCBuildConfiguration;
			baseConfigurationReference = BF1BD8CF9E008187B614E747 /* Pods-FBLA Trivia.debug.xcconfig */;
			buildSettings = {
				ASSETCATALOG_COMPILER_APPICON_NAME = AppIcon;
				CODE_SIGN_STYLE = Automatic;
				DEVELOPMENT_TEAM = C783ZR2C2A;
				INFOPLIST_FILE = "FBLA Trivia/Info.plist";
				LD_RUNPATH_SEARCH_PATHS = (
					"$(inherited)",
					"@executable_path/Frameworks",
				);
				PRODUCT_BUNDLE_IDENTIFIER = "BCHS.FBLA-Trivia";
				PRODUCT_NAME = "$(TARGET_NAME)";
				SWIFT_VERSION = 4.2;
				TARGETED_DEVICE_FAMILY = "1,2";
			};
			name = Debug;
		};
		E5119A2721EE4F2100D46F36 /* Release */ = {
			isa = XCBuildConfiguration;
			baseConfigurationReference = 437C035AC4839219FD0F836F /* Pods-FBLA Trivia.release.xcconfig */;
			buildSettings = {
				ASSETCATALOG_COMPILER_APPICON_NAME = AppIcon;
				CODE_SIGN_STYLE = Automatic;
				DEVELOPMENT_TEAM = C783ZR2C2A;
				INFOPLIST_FILE = "FBLA Trivia/Info.plist";
				LD_RUNPATH_SEARCH_PATHS = (
					"$(inherited)",
					"@executable_path/Frameworks",
				);
				PRODUCT_BUNDLE_IDENTIFIER = "BCHS.FBLA-Trivia";
				PRODUCT_NAME = "$(TARGET_NAME)";
				SWIFT_VERSION = 4.2;
				TARGETED_DEVICE_FAMILY = "1,2";
			};
			name = Release;
		};
		E5119A2921EE4F2100D46F36 /* Debug */ = {
			isa = XCBuildConfiguration;
			baseConfigurationReference = 6D66D6EE50E60FA9E4C67C5B /* Pods-FBLA TriviaTests.debug.xcconfig */;
			buildSettings = {
				ALWAYS_EMBED_SWIFT_STANDARD_LIBRARIES = YES;
				BUNDLE_LOADER = "$(TEST_HOST)";
				CODE_SIGN_STYLE = Automatic;
				DEVELOPMENT_TEAM = C783ZR2C2A;
				INFOPLIST_FILE = "FBLA TriviaTests/Info.plist";
				LD_RUNPATH_SEARCH_PATHS = (
					"$(inherited)",
					"@executable_path/Frameworks",
					"@loader_path/Frameworks",
				);
				PRODUCT_BUNDLE_IDENTIFIER = "BCHS.FBLA-TriviaTests";
				PRODUCT_NAME = "$(TARGET_NAME)";
				SWIFT_VERSION = 4.2;
				TARGETED_DEVICE_FAMILY = "1,2";
				TEST_HOST = "$(BUILT_PRODUCTS_DIR)/FBLA Trivia.app/FBLA Trivia";
			};
			name = Debug;
		};
		E5119A2A21EE4F2100D46F36 /* Release */ = {
			isa = XCBuildConfiguration;
			baseConfigurationReference = BBD56451E348BA74600256C5 /* Pods-FBLA TriviaTests.release.xcconfig */;
			buildSettings = {
				ALWAYS_EMBED_SWIFT_STANDARD_LIBRARIES = YES;
				BUNDLE_LOADER = "$(TEST_HOST)";
				CODE_SIGN_STYLE = Automatic;
				DEVELOPMENT_TEAM = C783ZR2C2A;
				INFOPLIST_FILE = "FBLA TriviaTests/Info.plist";
				LD_RUNPATH_SEARCH_PATHS = (
					"$(inherited)",
					"@executable_path/Frameworks",
					"@loader_path/Frameworks",
				);
				PRODUCT_BUNDLE_IDENTIFIER = "BCHS.FBLA-TriviaTests";
				PRODUCT_NAME = "$(TARGET_NAME)";
				SWIFT_VERSION = 4.2;
				TARGETED_DEVICE_FAMILY = "1,2";
				TEST_HOST = "$(BUILT_PRODUCTS_DIR)/FBLA Trivia.app/FBLA Trivia";
			};
			name = Release;
		};
		E5119A2C21EE4F2100D46F36 /* Debug */ = {
			isa = XCBuildConfiguration;
			baseConfigurationReference = F88318BA2201D2CF0D748294 /* Pods-FBLA TriviaUITests.debug.xcconfig */;
			buildSettings = {
				ALWAYS_EMBED_SWIFT_STANDARD_LIBRARIES = YES;
				CODE_SIGN_STYLE = Automatic;
				DEVELOPMENT_TEAM = C783ZR2C2A;
				INFOPLIST_FILE = "FBLA TriviaUITests/Info.plist";
				LD_RUNPATH_SEARCH_PATHS = (
					"$(inherited)",
					"@executable_path/Frameworks",
					"@loader_path/Frameworks",
				);
				PRODUCT_BUNDLE_IDENTIFIER = "BCHS.FBLA-TriviaUITests";
				PRODUCT_NAME = "$(TARGET_NAME)";
				SWIFT_VERSION = 4.2;
				TARGETED_DEVICE_FAMILY = "1,2";
				TEST_TARGET_NAME = "FBLA Trivia";
			};
			name = Debug;
		};
		E5119A2D21EE4F2100D46F36 /* Release */ = {
			isa = XCBuildConfiguration;
			baseConfigurationReference = 2A2E7A967EC0B7B692C6629F /* Pods-FBLA TriviaUITests.release.xcconfig */;
			buildSettings = {
				ALWAYS_EMBED_SWIFT_STANDARD_LIBRARIES = YES;
				CODE_SIGN_STYLE = Automatic;
				DEVELOPMENT_TEAM = C783ZR2C2A;
				INFOPLIST_FILE = "FBLA TriviaUITests/Info.plist";
				LD_RUNPATH_SEARCH_PATHS = (
					"$(inherited)",
					"@executable_path/Frameworks",
					"@loader_path/Frameworks",
				);
				PRODUCT_BUNDLE_IDENTIFIER = "BCHS.FBLA-TriviaUITests";
				PRODUCT_NAME = "$(TARGET_NAME)";
				SWIFT_VERSION = 4.2;
				TARGETED_DEVICE_FAMILY = "1,2";
				TEST_TARGET_NAME = "FBLA Trivia";
			};
			name = Release;
		};
/* End XCBuildConfiguration section */

/* Begin XCConfigurationList section */
		E51199F821EE4F1E00D46F36 /* Build configuration list for PBXProject "FBLA Trivia" */ = {
			isa = XCConfigurationList;
			buildConfigurations = (
				E5119A2321EE4F2100D46F36 /* Debug */,
				E5119A2421EE4F2100D46F36 /* Release */,
			);
			defaultConfigurationIsVisible = 0;
			defaultConfigurationName = Release;
		};
		E5119A2521EE4F2100D46F36 /* Build configuration list for PBXNativeTarget "FBLA Trivia" */ = {
			isa = XCConfigurationList;
			buildConfigurations = (
				E5119A2621EE4F2100D46F36 /* Debug */,
				E5119A2721EE4F2100D46F36 /* Release */,
			);
			defaultConfigurationIsVisible = 0;
			defaultConfigurationName = Release;
		};
		E5119A2821EE4F2100D46F36 /* Build configuration list for PBXNativeTarget "FBLA TriviaTests" */ = {
			isa = XCConfigurationList;
			buildConfigurations = (
				E5119A2921EE4F2100D46F36 /* Debug */,
				E5119A2A21EE4F2100D46F36 /* Release */,
			);
			defaultConfigurationIsVisible = 0;
			defaultConfigurationName = Release;
		};
		E5119A2B21EE4F2100D46F36 /* Build configuration list for PBXNativeTarget "FBLA TriviaUITests" */ = {
			isa = XCConfigurationList;
			buildConfigurations = (
				E5119A2C21EE4F2100D46F36 /* Debug */,
				E5119A2D21EE4F2100D46F36 /* Release */,
			);
			defaultConfigurationIsVisible = 0;
			defaultConfigurationName = Release;
		};
/* End XCConfigurationList section */
	};
	rootObject = E51199F521EE4F1E00D46F36 /* Project object */;
}
